
Microsoft Visual Studio Solution File, Format Version 12.00
# Visual Studio Version 17
VisualStudioVersion = 17.4.33103.184
MinimumVisualStudioVersion = 10.0.40219.1
Project("{FAE04EC0-301F-11D3-BF4B-00C04F79EFBC}") = "SoftechAuth.Server", "SoftechAuth\Server\SoftechAuth.Server.csproj", "{023D0A4E-3667-4276-8DF4-D583CF9338E6}"
EndProject
Project("{FAE04EC0-301F-11D3-BF4B-00C04F79EFBC}") = "SoftechAuth.Client", "SoftechAuth\Client\SoftechAuth.Client.csproj", "{399F1039-6084-445B-BD78-25E23EA78981}"
EndProject
Project("{FAE04EC0-301F-11D3-BF4B-00C04F79EFBC}") = "SoftechAuth.Shared", "SoftechAuth\Shared\SoftechAuth.Shared.csproj", "{A469779F-A081-4E66-85AB-1736D042B7CB}"
EndProject
Global
	GlobalSection(SolutionConfigurationPlatforms) = preSolution
		Debug|Any CPU = Debug|Any CPU
		Release|Any CPU = Release|Any CPU
	EndGlobalSection
	GlobalSection(ProjectConfigurationPlatforms) = postSolution
		{023D0A4E-3667-4276-8DF4-D583CF9338E6}.Debug|Any CPU.ActiveCfg = Debug|Any CPU
		{023D0A4E-3667-4276-8DF4-D583CF9338E6}.Debug|Any CPU.Build.0 = Debug|Any CPU
		{023D0A4E-3667-4276-8DF4-D583CF9338E6}.Release|Any CPU.ActiveCfg = Release|Any CPU
		{023D0A4E-3667-4276-8DF4-D583CF9338E6}.Release|Any CPU.Build.0 = Release|Any CPU
		{399F1039-6084-445B-BD78-25E23EA78981}.Debug|Any CPU.ActiveCfg = Debug|Any CPU
		{399F1039-6084-445B-BD78-25E23EA78981}.Debug|Any CPU.Build.0 = Debug|Any CPU
		{399F1039-6084-445B-BD78-25E23EA78981}.Release|Any CPU.ActiveCfg = Release|Any CPU
		{399F1039-6084-445B-BD78-25E23EA78981}.Release|Any CPU.Build.0 = Release|Any CPU
		{A469779F-A081-4E66-85AB-1736D042B7CB}.Debug|Any CPU.ActiveCfg = Debug|Any CPU
		{A469779F-A081-4E66-85AB-1736D042B7CB}.Debug|Any CPU.Build.0 = Debug|Any CPU
		{A469779F-A081-4E66-85AB-1736D042B7CB}.Release|Any CPU.ActiveCfg = Release|Any CPU
		{A469779F-A081-4E66-85AB-1736D042B7CB}.Release|Any CPU.Build.0 = Release|Any CPU
	EndGlobalSection
	GlobalSection(SolutionProperties) = preSolution
		HideSolutionNode = FALSE
	EndGlobalSection
	GlobalSection(ExtensibilityGlobals) = postSolution
		SolutionGuid = {F6646C5C-4B7C-4565-A7FC-4D99F3805939}
	EndGlobalSection
EndGlobal
