
Microsoft Visual Studio Solution File, Format Version 12.00
# Visual Studio Version 17
VisualStudioVersion = 17.4.33103.184
MinimumVisualStudioVersion = 10.0.40219.1
Project("{FAE04EC0-301F-11D3-BF4B-00C04F79EFBC}") = "SoftechUpdateTask", "SoftechUpdateTask\SoftechUpdateTask.csproj", "{9593E20D-4179-43C1-A721-579AA2ACF28A}"
EndProject
Global
	GlobalSection(SolutionConfigurationPlatforms) = preSolution
		Debug|Any CPU = Debug|Any CPU
		Release|Any CPU = Release|Any CPU
	EndGlobalSection
	GlobalSection(ProjectConfigurationPlatforms) = postSolution
		{9593E20D-4179-43C1-A721-579AA2ACF28A}.Debug|Any CPU.ActiveCfg = Debug|Any CPU
		{9593E20D-4179-43C1-A721-579AA2ACF28A}.Debug|Any CPU.Build.0 = Debug|Any CPU
		{9593E20D-4179-43C1-A721-579AA2ACF28A}.Release|Any CPU.ActiveCfg = Release|Any CPU
		{9593E20D-4179-43C1-A721-579AA2ACF28A}.Release|Any CPU.Build.0 = Release|Any CPU
	EndGlobalSection
	GlobalSection(SolutionProperties) = preSolution
		HideSolutionNode = FALSE
	EndGlobalSection
	GlobalSection(ExtensibilityGlobals) = postSolution
		SolutionGuid = {ABA82E32-066E-4266-BA73-D13BCF553837}
	EndGlobalSection
EndGlobal
