
Microsoft Visual Studio Solution File, Format Version 12.00
# Visual Studio Version 17
VisualStudioVersion = 17.4.33103.184
MinimumVisualStudioVersion = 10.0.40219.1
Project("{9A19103F-16F7-4668-BE54-9A1E7A4F7556}") = "servicebus", "servicebus\servicebus.csproj", "{057DE1C7-154D-46D1-86CF-020A67363C01}"
EndProject
Global
	GlobalSection(SolutionConfigurationPlatforms) = preSolution
		Debug|Any CPU = Debug|Any CPU
		Release|Any CPU = Release|Any CPU
	EndGlobalSection
	GlobalSection(ProjectConfigurationPlatforms) = postSolution
		{057DE1C7-154D-46D1-86CF-020A67363C01}.Debug|Any CPU.ActiveCfg = Debug|Any CPU
		{057DE1C7-154D-46D1-86CF-020A67363C01}.Debug|Any CPU.Build.0 = Debug|Any CPU
		{057DE1C7-154D-46D1-86CF-020A67363C01}.Release|Any CPU.ActiveCfg = Release|Any CPU
		{057DE1C7-154D-46D1-86CF-020A67363C01}.Release|Any CPU.Build.0 = Release|Any CPU
	EndGlobalSection
	GlobalSection(SolutionProperties) = preSolution
		HideSolutionNode = FALSE
	EndGlobalSection
	GlobalSection(ExtensibilityGlobals) = postSolution
		SolutionGuid = {2EC9DF24-2258-4713-80A0-69E95C64224D}
	EndGlobalSection
EndGlobal
